// !$*UTF8*$!
{
	archiveVersion = 1;
	classes = {
	};
	objectVersion = 50;
	objects = {

/* Begin PBXBuildFile section */
		A7547A4520D2668E0007B31B /* AppDelegate.swift in Sources */ = {isa = PBXBuildFile; fileRef = A7547A4420D2668E0007B31B /* AppDelegate.swift */; };
		A7547A4720D2668E0007B31B /* ViewController.swift in Sources */ = {isa = PBXBuildFile; fileRef = A7547A4620D2668E0007B31B /* ViewController.swift */; };
		A7547A4A20D2668F0007B31B /* Main.storyboard in Resources */ = {isa = PBXBuildFile; fileRef = A7547A4820D2668F0007B31B /* Main.storyboard */; };
		A7547A4D20D2668F0007B31B /* WorldCup2018.xcdatamodeld in Sources */ = {isa = PBXBuildFile; fileRef = A7547A4B20D2668F0007B31B /* WorldCup2018.xcdatamodeld */; };
		A7547A4F20D266900007B31B /* Assets.xcassets in Resources */ = {isa = PBXBuildFile; fileRef = A7547A4E20D266900007B31B /* Assets.xcassets */; };
		A7547A5220D266900007B31B /* LaunchScreen.storyboard in Resources */ = {isa = PBXBuildFile; fileRef = A7547A5020D266900007B31B /* LaunchScreen.storyboard */; };
/* End PBXBuildFile section */

/* Begin PBXFileReference section */
		A7547A4120D2668E0007B31B /* WorldCup2018.app */ = {isa = PBXFileReference; explicitFileType = wrapper.application; includeInIndex = 0; path = WorldCup2018.app; sourceTree = BUILT_PRODUCTS_DIR; };
		A7547A4420D2668E0007B31B /* AppDelegate.swift */ = {isa = PBXFileReference; lastKnownFileType = sourcecode.swift; path = AppDelegate.swift; sourceTree = "<group>"; };
		A7547A4620D2668E0007B31B /* ViewController.swift */ = {isa = PBXFileReference; lastKnownFileType = sourcecode.swift; path = ViewController.swift; sourceTree = "<group>"; };
		A7547A4920D2668F0007B31B /* Base */ = {isa = PBXFileReference; lastKnownFileType = file.storyboard; name = Base; path = Base.lproj/Main.storyboard; sourceTree = "<group>"; };
		A7547A4C20D2668F0007B31B /* WorldCup2018.xcdatamodel */ = {isa = PBXFileReference; lastKnownFileType = wrapper.xcdatamodel; path = WorldCup2018.xcdatamodel; sourceTree = "<group>"; };
		A7547A4E20D266900007B31B /* Assets.xcassets */ = {isa = PBXFileReference; lastKnownFileType = folder.assetcatalog; path = Assets.xcassets; sourceTree = "<group>"; };
		A7547A5120D266900007B31B /* Base */ = {isa = PBXFileReference; lastKnownFileType = file.storyboard; name = Base; path = Base.lproj/LaunchScreen.storyboard; sourceTree = "<group>"; };
		A7547A5320D266900007B31B /* Info.plist */ = {isa = PBXFileReference; lastKnownFileType = text.plist.xml; path = Info.plist; sourceTree = "<group>"; };
/* End PBXFileReference section */

/* Begin PBXFrameworksBuildPhase section */
		A7547A3E20D2668E0007B31B /* Frameworks */ = {
			isa = PBXFrameworksBuildPhase;
			buildActionMask = 2147483647;
			files = (
			);
			runOnlyForDeploymentPostprocessing = 0;
		};
/* End PBXFrameworksBuildPhase section */

/* Begin PBXGroup section */
		A7547A3820D2668E0007B31B = {
			isa = PBXGroup;
			children = (
				A7547A4320D2668E0007B31B /* WorldCup2018 */,
				A7547A4220D2668E0007B31B /* Products */,
			);
			sourceTree = "<group>";
		};
		A7547A4220D2668E0007B31B /* Products */ = {
			isa = PBXGroup;
			children = (
				A7547A4120D2668E0007B31B /* WorldCup2018.app */,
			);
			name = Products;
			sourceTree = "<group>";
		};
		A7547A4320D2668E0007B31B /* WorldCup2018 */ = {
			isa = PBXGroup;
			children = (
				A7547A4420D2668E0007B31B /* AppDelegate.swift */,
				A7547A4620D2668E0007B31B /* ViewController.swift */,
				A7547A4820D2668F0007B31B /* Main.storyboard */,
				A7547A4E20D266900007B31B /* Assets.xcassets */,
				A7547A5020D266900007B31B /* LaunchScreen.storyboard */,
				A7547A5320D266900007B31B /* Info.plist */,
				A7547A4B20D2668F0007B31B /* WorldCup2018.xcdatamodeld */,
			);
			path = WorldCup2018;
			sourceTree = "<group>";
		};
/* End PBXGroup section */

/* Begin PBXNativeTarget section */
		A7547A4020D2668E0007B31B /* WorldCup2018 */ = {
			isa = PBXNativeTarget;
			buildConfigurationList = A7547A5620D266900007B31B /* Build configuration list for PBXNativeTarget "WorldCup2018" */;
			buildPhases = (
				A7547A3D20D2668E0007B31B /* Sources */,
				A7547A3E20D2668E0007B31B /* Frameworks */,
				A7547A3F20D2668E0007B31B /* Resources */,
			);
			buildRules = (
			);
			dependencies = (
			);
			name = WorldCup2018;
			productName = WorldCup2018;
			productReference = A7547A4120D2668E0007B31B /* WorldCup2018.app */;
			productType = "com.apple.product-type.application";
		};
/* End PBXNativeTarget section */

/* Begin PBXProject section */
		A7547A3920D2668E0007B31B /* Project object */ = {
			isa = PBXProject;
			attributes = {
				LastSwiftUpdateCheck = 0930;
				LastUpgradeCheck = 0930;
				ORGANIZATIONNAME = company;
				TargetAttributes = {
					A7547A4020D2668E0007B31B = {
						CreatedOnToolsVersion = 9.3;
					};
				};
			};
			buildConfigurationList = A7547A3C20D2668E0007B31B /* Build configuration list for PBXProject "WorldCup2018" */;
			compatibilityVersion = "Xcode 9.3";
			developmentRegion = en;
			hasScannedForEncodings = 0;
			knownRegions = (
				en,
				Base,
			);
			mainGroup = A7547A3820D2668E0007B31B;
			productRefGroup = A7547A4220D2668E0007B31B /* Products */;
			projectDirPath = "";
			projectRoot = "";
			targets = (
				A7547A4020D2668E0007B31B /* WorldCup2018 */,
			);
		};
/* End PBXProject section */

/* Begin PBXResourcesBuildPhase section */
		A7547A3F20D2668E0007B31B /* Resources */ = {
			isa = PBXResourcesBuildPhase;
			buildActionMask = 2147483647;
			files = (
				A7547A5220D266900007B31B /* LaunchScreen.storyboard in Resources */,
				A7547A4F20D266900007B31B /* Assets.xcassets in Resources */,
				A7547A4A20D2668F0007B31B /* Main.storyboard in Resources */,
			);
			runOnlyForDeploymentPostprocessing = 0;
		};
/* End PBXResourcesBuildPhase section */

/* Begin PBXSourcesBuildPhase section */
		A7547A3D20D2668E0007B31B /* Sources */ = {
			isa = PBXSourcesBuildPhase;
			buildActionMask = 2147483647;
			files = (
				A7547A4D20D2668F0007B31B /* WorldCup2018.xcdatamodeld in Sources */,
				A7547A4720D2668E0007B31B /* ViewController.swift in Sources */,
				A7547A4520D2668E0007B31B /* AppDelegate.swift in Sources */,
			);
			runOnlyForDeploymentPostprocessing = 0;
		};
/* End PBXSourcesBuildPhase section */

/* Begin PBXVariantGroup section */
		A7547A4820D2668F0007B31B /* Main.storyboard */ = {
			isa = PBXVariantGroup;
			children = (
				A7547A4920D2668F0007B31B /* Base */,
			);
			name = Main.storyboard;
			sourceTree = "<group>";
		};
		A7547A5020D266900007B31B /* LaunchScreen.storyboard */ = {
			isa = PBXVariantGroup;
			children = (
				A7547A5120D266900007B31B /* Base */,
			);
			name = LaunchScreen.storyboard;
			sourceTree = "<group>";
		};
/* End PBXVariantGroup section */

/* Begin XCBuildConfiguration section */
		A7547A5420D266900007B31B /* Debug */ = {
			isa = XCBuildConfiguration;
			buildSettings = {
				ALWAYS_SEARCH_USER_PATHS = NO;
				CLANG_ANALYZER_NONNULL = YES;
				CLANG_ANALYZER_NUMBER_OBJECT_CONVERSION = YES_AGGRESSIVE;
				CLANG_CXX_LANGUAGE_STANDARD = "gnu++14";
				CLANG_CXX_LIBRARY = "libc++";
				CLANG_ENABLE_MODULES = YES;
				CLANG_ENABLE_OBJC_ARC = YES;
				CLANG_ENABLE_OBJC_WEAK = YES;
				CLANG_WARN_BLOCK_CAPTURE_AUTORELEASING = YES;
				CLANG_WARN_BOOL_CONVERSION = YES;
				CLANG_WARN_COMMA = YES;
				CLANG_WARN_CONSTANT_CONVERSION = YES;
				CLANG_WARN_DEPRECATED_OBJC_IMPLEMENTATIONS = YES;
				CLANG_WARN_DIRECT_OBJC_ISA_USAGE = YES_ERROR;
				CLANG_WARN_DOCUMENTATION_COMMENTS = YES;
				CLANG_WARN_EMPTY_BODY = YES;
				CLANG_WARN_ENUM_CONVERSION = YES;
				CLANG_WARN_INFINITE_RECURSION = YES;
				CLANG_WARN_INT_CONVERSION = YES;
				CLANG_WARN_NON_LITERAL_NULL_CONVERSION = YES;
				CLANG_WARN_OBJC_IMPLICIT_RETAIN_SELF = YES;
				CLANG_WARN_OBJC_LITERAL_CONVERSION = YES;
				CLANG_WARN_OBJC_ROOT_CLASS = YES_ERROR;
				CLANG_WARN_RANGE_LOOP_ANALYSIS = YES;
				CLANG_WARN_STRICT_PROTOTYPES = YES;
				CLANG_WARN_SUSPICIOUS_MOVE = YES;
				CLANG_WARN_UNGUARDED_AVAILABILITY = YES_AGGRESSIVE;
				CLANG_WARN_UNREACHABLE_CODE = YES;
				CLANG_WARN__DUPLICATE_METHOD_MATCH = YES;
				CODE_SIGN_IDENTITY = "iPhone Developer";
				COPY_PHASE_STRIP = NO;
				DEBUG_INFORMATION_FORMAT = dwarf;
				ENABLE_STRICT_OBJC_MSGSEND = YES;
				ENABLE_TESTABILITY = YES;
				GCC_C_LANGUAGE_STANDARD = gnu11;
				GCC_DYNAMIC_NO_PIC = NO;
				GCC_NO_COMMON_BLOCKS = YES;
				GCC_OPTIMIZATION_LEVEL = 0;
				GCC_PREPROCESSOR_DEFINITIONS = (
					"DEBUG=1",
					"$(inherited)",
				);
				GCC_WARN_64_TO_32_BIT_CONVERSION = YES;
				GCC_WARN_ABOUT_RETURN_TYPE = YES_ERROR;
				GCC_WARN_UNDECLARED_SELECTOR = YES;
				GCC_WARN_UNINITIALIZED_AUTOS = YES_AGGRESSIVE;
				GCC_WARN_UNUSED_FUNCTION = YES;
				GCC_WARN_UNUSED_VARIABLE = YES;
				IPHONEOS_DEPLOYMENT_TARGET = 11.3;
				MTL_ENABLE_DEBUG_INFO = YES;
				ONLY_ACTIVE_ARCH = YES;
				SDKROOT = iphoneos;
				SWIFT_ACTIVE_COMPILATION_CONDITIONS = DEBUG;
				SWIFT_OPTIMIZATION_LEVEL = "-Onone";
			};
			name = Debug;
		};
		A7547A5520D266900007B31B /* Release */ = {
			isa = XCBuildConfiguration;
			buildSettings = {
				ALWAYS_SEARCH_USER_PATHS = NO;
				CLANG_ANALYZER_NONNULL = YES;
				CLANG_ANALYZER_NUMBER_OBJECT_CONVERSION = YES_AGGRESSIVE;
				CLANG_CXX_LANGUAGE_STANDARD = "gnu++14";
				CLANG_CXX_LIBRARY = "libc++";
				CLANG_ENABLE_MODULES = YES;
				CLANG_ENABLE_OBJC_ARC = YES;
				CLANG_ENABLE_OBJC_WEAK = YES;
				CLANG_WARN_BLOCK_CAPTURE_AUTORELEASING = YES;
				CLANG_WARN_BOOL_CONVERSION = YES;
				CLANG_WARN_COMMA = YES;
				CLANG_WARN_CONSTANT_CONVERSION = YES;
				CLANG_WARN_DEPRECATED_OBJC_IMPLEMENTATIONS = YES;
				CLANG_WARN_DIRECT_OBJC_ISA_USAGE = YES_ERROR;
				CLANG_WARN_DOCUMENTATION_COMMENTS = YES;
				CLANG_WARN_EMPTY_BODY = YES;
				CLANG_WARN_ENUM_CONVERSION = YES;
				CLANG_WARN_INFINITE_RECURSION = YES;
				CLANG_WARN_INT_CONVERSION = YES;
				CLANG_WARN_NON_LITERAL_NULL_CONVERSION = YES;
				CLANG_WARN_OBJC_IMPLICIT_RETAIN_SELF = YES;
				CLANG_WARN_OBJC_LITERAL_CONVERSION = YES;
				CLANG_WARN_OBJC_ROOT_CLASS = YES_ERROR;
				CLANG_WARN_RANGE_LOOP_ANALYSIS = YES;
				CLANG_WARN_STRICT_PROTOTYPES = YES;
				CLANG_WARN_SUSPICIOUS_MOVE = YES;
				CLANG_WARN_UNGUARDED_AVAILABILITY = YES_AGGRESSIVE;
				CLANG_WARN_UNREACHABLE_CODE = YES;
				CLANG_WARN__DUPLICATE_METHOD_MATCH = YES;
				CODE_SIGN_IDENTITY = "iPhone Developer";
				COPY_PHASE_STRIP = NO;
				DEBUG_INFORMATION_FORMAT = "dwarf-with-dsym";
				ENABLE_NS_ASSERTIONS = NO;
				ENABLE_STRICT_OBJC_MSGSEND = YES;
				GCC_C_LANGUAGE_STANDARD = gnu11;
				GCC_NO_COMMON_BLOCKS = YES;
				GCC_WARN_64_TO_32_BIT_CONVERSION = YES;
				GCC_WARN_ABOUT_RETURN_TYPE = YES_ERROR;
				GCC_WARN_UNDECLARED_SELECTOR = YES;
				GCC_WARN_UNINITIALIZED_AUTOS = YES_AGGRESSIVE;
				GCC_WARN_UNUSED_FUNCTION = YES;
				GCC_WARN_UNUSED_VARIABLE = YES;
				IPHONEOS_DEPLOYMENT_TARGET = 11.3;
				MTL_ENABLE_DEBUG_INFO = NO;
				SDKROOT = iphoneos;
				SWIFT_COMPILATION_MODE = wholemodule;
				SWIFT_OPTIMIZATION_LEVEL = "-O";
				VALIDATE_PRODUCT = YES;
			};
			name = Release;
		};
		A7547A5720D266900007B31B /* Debug */ = {
			isa = XCBuildConfiguration;
			buildSettings = {
				ASSETCATALOG_COMPILER_APPICON_NAME = AppIcon;
				CODE_SIGN_STYLE = Manual;
				DEVELOPMENT_TEAM = "";
				INFOPLIST_FILE = WorldCup2018/Info.plist;
				LD_RUNPATH_SEARCH_PATHS = (
					"$(inherited)",
					"@executable_path/Frameworks",
				);
				PRODUCT_BUNDLE_IDENTIFIER = com.company.WorldCup2018;
				PRODUCT_NAME = "$(TARGET_NAME)";
				PROVISIONING_PROFILE_SPECIFIER = "";
				SWIFT_VERSION = 4.0;
				TARGETED_DEVICE_FAMILY = "1,2";
			};
			name = Debug;
		};
		A7547A5820D266900007B31B /* Release */ = {
			isa = XCBuildConfiguration;
			buildSettings = {
				ASSETCATALOG_COMPILER_APPICON_NAME = AppIcon;
				CODE_SIGN_STYLE = Manual;
				DEVELOPMENT_TEAM = "";
				INFOPLIST_FILE = WorldCup2018/Info.plist;
				LD_RUNPATH_SEARCH_PATHS = (
					"$(inherited)",
					"@executable_path/Frameworks",
				);
				PRODUCT_BUNDLE_IDENTIFIER = com.company.WorldCup2018;
				PRODUCT_NAME = "$(TARGET_NAME)";
				PROVISIONING_PROFILE_SPECIFIER = "";
				SWIFT_VERSION = 4.0;
				TARGETED_DEVICE_FAMILY = "1,2";
			};
			name = Release;
		};
/* End XCBuildConfiguration section */

/* Begin XCConfigurationList section */
		A7547A3C20D2668E0007B31B /* Build configuration list for PBXProject "WorldCup2018" */ = {
			isa = XCConfigurationList;
			buildConfigurations = (
				A7547A5420D266900007B31B /* Debug */,
				A7547A5520D266900007B31B /* Release */,
			);
			defaultConfigurationIsVisible = 0;
			defaultConfigurationName = Release;
		};
		A7547A5620D266900007B31B /* Build configuration list for PBXNativeTarget "WorldCup2018" */ = {
			isa = XCConfigurationList;
			buildConfigurations = (
				A7547A5720D266900007B31B /* Debug */,
				A7547A5820D266900007B31B /* Release */,
			);
			defaultConfigurationIsVisible = 0;
			defaultConfigurationName = Release;
		};
/* End XCConfigurationList section */

/* Begin XCVersionGroup section */
		A7547A4B20D2668F0007B31B /* WorldCup2018.xcdatamodeld */ = {
			isa = XCVersionGroup;
			children = (
				A7547A4C20D2668F0007B31B /* WorldCup2018.xcdatamodel */,
			);
			currentVersion = A7547A4C20D2668F0007B31B /* WorldCup2018.xcdatamodel */;
			path = WorldCup2018.xcdatamodeld;
			sourceTree = "<group>";
			versionGroupType = wrapper.xcdatamodel;
		};
/* End XCVersionGroup section */
	};
	rootObject = A7547A3920D2668E0007B31B /* Project object */;
}
